
Microsoft Visual Studio Solution File, Format Version 12.00
# Visual Studio Version 16
VisualStudioVersion = 16.0.32428.217
MinimumVisualStudioVersion = 10.0.40219.1
Project("{FAE04EC0-301F-11D3-BF4B-00C04F79EFBC}") = "Validar(While)", "Validar(While)\Validar(While).csproj", "{AF41FA31-6819-4972-AF52-690A4EF7915C}"
EndProject
Global
	GlobalSection(SolutionConfigurationPlatforms) = preSolution
		Debug|Any CPU = Debug|Any CPU
		Release|Any CPU = Release|Any CPU
	EndGlobalSection
	GlobalSection(ProjectConfigurationPlatforms) = postSolution
		{AF41FA31-6819-4972-AF52-690A4EF7915C}.Debug|Any CPU.ActiveCfg = Debug|Any CPU
		{AF41FA31-6819-4972-AF52-690A4EF7915C}.Debug|Any CPU.Build.0 = Debug|Any CPU
		{AF41FA31-6819-4972-AF52-690A4EF7915C}.Release|Any CPU.ActiveCfg = Release|Any CPU
		{AF41FA31-6819-4972-AF52-690A4EF7915C}.Release|Any CPU.Build.0 = Release|Any CPU
	EndGlobalSection
	GlobalSection(SolutionProperties) = preSolution
		HideSolutionNode = FALSE
	EndGlobalSection
	GlobalSection(ExtensibilityGlobals) = postSolution
		SolutionGuid = {C763A643-0AF5-4A11-8A58-E3252A460D24}
	EndGlobalSection
EndGlobal
